
Microsoft Visual Studio Solution File, Format Version 12.00
# Visual Studio Version 17
VisualStudioVersion = 17.12.35707.178
MinimumVisualStudioVersion = 10.0.40219.1
Project("{FAE04EC0-301F-11D3-BF4B-00C04F79EFBC}") = "DHLSharp.Client", "DHLSharp.Client\DHLSharp.Client.csproj", "{724B4B73-0BFE-465C-8DA3-67FF9E9C015F}"
EndProject
Project("{FAE04EC0-301F-11D3-BF4B-00C04F79EFBC}") = "DHLSharp.Demo", "DHLSharp.Demo\DHLSharp.Demo.csproj", "{BC68C6EA-DCC3-4F44-BEE5-BD0249158478}"
EndProject
Global
	GlobalSection(SolutionConfigurationPlatforms) = preSolution
		Debug|Any CPU = Debug|Any CPU
		Release|Any CPU = Release|Any CPU
	EndGlobalSection
	GlobalSection(ProjectConfigurationPlatforms) = postSolution
		{724B4B73-0BFE-465C-8DA3-67FF9E9C015F}.Debug|Any CPU.ActiveCfg = Debug|Any CPU
		{724B4B73-0BFE-465C-8DA3-67FF9E9C015F}.Debug|Any CPU.Build.0 = Debug|Any CPU
		{724B4B73-0BFE-465C-8DA3-67FF9E9C015F}.Release|Any CPU.ActiveCfg = Release|Any CPU
		{724B4B73-0BFE-465C-8DA3-67FF9E9C015F}.Release|Any CPU.Build.0 = Release|Any CPU
		{BC68C6EA-DCC3-4F44-BEE5-BD0249158478}.Debug|Any CPU.ActiveCfg = Debug|Any CPU
		{BC68C6EA-DCC3-4F44-BEE5-BD0249158478}.Debug|Any CPU.Build.0 = Debug|Any CPU
		{BC68C6EA-DCC3-4F44-BEE5-BD0249158478}.Release|Any CPU.ActiveCfg = Release|Any CPU
		{BC68C6EA-DCC3-4F44-BEE5-BD0249158478}.Release|Any CPU.Build.0 = Release|Any CPU
	EndGlobalSection
	GlobalSection(SolutionProperties) = preSolution
		HideSolutionNode = FALSE
	EndGlobalSection
	GlobalSection(ExtensibilityGlobals) = postSolution
		SolutionGuid = {B97AA899-5BB7-42EB-BA43-19E1235ACBBF}
	EndGlobalSection
EndGlobal
