
Microsoft Visual Studio Solution File, Format Version 12.00
# Visual Studio Version 17
VisualStudioVersion = 17.13.35825.156 d17.13
MinimumVisualStudioVersion = 10.0.40219.1
Project("{FAE04EC0-301F-11D3-BF4B-00C04F79EFBC}") = "DHLSharp.Demo", "DHLSharp.Demo.csproj", "{38E991BA-9CD1-8B95-A6C7-BBF88E0A9273}"
EndProject
Project("{FAE04EC0-301F-11D3-BF4B-00C04F79EFBC}") = "DHLSharp.Client", "..\DHLSharp.Client\DHLSharp.Client.csproj", "{0FAFF1A2-2E5E-3BD2-422C-57E7A53F302D}"
EndProject
Global
	GlobalSection(SolutionConfigurationPlatforms) = preSolution
		Debug|Any CPU = Debug|Any CPU
		Release|Any CPU = Release|Any CPU
	EndGlobalSection
	GlobalSection(ProjectConfigurationPlatforms) = postSolution
		{38E991BA-9CD1-8B95-A6C7-BBF88E0A9273}.Debug|Any CPU.ActiveCfg = Debug|Any CPU
		{38E991BA-9CD1-8B95-A6C7-BBF88E0A9273}.Debug|Any CPU.Build.0 = Debug|Any CPU
		{38E991BA-9CD1-8B95-A6C7-BBF88E0A9273}.Release|Any CPU.ActiveCfg = Release|Any CPU
		{38E991BA-9CD1-8B95-A6C7-BBF88E0A9273}.Release|Any CPU.Build.0 = Release|Any CPU
		{0FAFF1A2-2E5E-3BD2-422C-57E7A53F302D}.Debug|Any CPU.ActiveCfg = Debug|Any CPU
		{0FAFF1A2-2E5E-3BD2-422C-57E7A53F302D}.Debug|Any CPU.Build.0 = Debug|Any CPU
		{0FAFF1A2-2E5E-3BD2-422C-57E7A53F302D}.Release|Any CPU.ActiveCfg = Release|Any CPU
		{0FAFF1A2-2E5E-3BD2-422C-57E7A53F302D}.Release|Any CPU.Build.0 = Release|Any CPU
	EndGlobalSection
	GlobalSection(SolutionProperties) = preSolution
		HideSolutionNode = FALSE
	EndGlobalSection
	GlobalSection(ExtensibilityGlobals) = postSolution
		SolutionGuid = {1C7D6C7A-5326-41CB-9632-C17FFDD3FEF6}
	EndGlobalSection
EndGlobal
